
Microsoft Visual Studio Solution File, Format Version 12.00
# Visual Studio Version 17
VisualStudioVersion = 17.8.34330.188
MinimumVisualStudioVersion = 10.0.40219.1
Project("{FAE04EC0-301F-11D3-BF4B-00C04F79EFBC}") = "Lab4_CSS_1", "Lab4_CSS_1\Lab4_CSS_1.csproj", "{AF238F29-2DC5-4158-8D22-706044FE4071}"
EndProject
Project("{FAE04EC0-301F-11D3-BF4B-00C04F79EFBC}") = "Lab4_CSS_2", "Lab4_CSS_2\Lab4_CSS_2.csproj", "{715A2BFE-2088-4519-B151-E38EFBA2824C}"
EndProject
Global
	GlobalSection(SolutionConfigurationPlatforms) = preSolution
		Debug|Any CPU = Debug|Any CPU
		Release|Any CPU = Release|Any CPU
	EndGlobalSection
	GlobalSection(ProjectConfigurationPlatforms) = postSolution
		{AF238F29-2DC5-4158-8D22-706044FE4071}.Debug|Any CPU.ActiveCfg = Debug|Any CPU
		{AF238F29-2DC5-4158-8D22-706044FE4071}.Debug|Any CPU.Build.0 = Debug|Any CPU
		{AF238F29-2DC5-4158-8D22-706044FE4071}.Release|Any CPU.ActiveCfg = Release|Any CPU
		{AF238F29-2DC5-4158-8D22-706044FE4071}.Release|Any CPU.Build.0 = Release|Any CPU
		{715A2BFE-2088-4519-B151-E38EFBA2824C}.Debug|Any CPU.ActiveCfg = Debug|Any CPU
		{715A2BFE-2088-4519-B151-E38EFBA2824C}.Debug|Any CPU.Build.0 = Debug|Any CPU
		{715A2BFE-2088-4519-B151-E38EFBA2824C}.Release|Any CPU.ActiveCfg = Release|Any CPU
		{715A2BFE-2088-4519-B151-E38EFBA2824C}.Release|Any CPU.Build.0 = Release|Any CPU
	EndGlobalSection
	GlobalSection(SolutionProperties) = preSolution
		HideSolutionNode = FALSE
	EndGlobalSection
	GlobalSection(ExtensibilityGlobals) = postSolution
		SolutionGuid = {A6462ED6-BE33-4285-8BCB-A39EEE661DC5}
	EndGlobalSection
EndGlobal
