
Microsoft Visual Studio Solution File, Format Version 12.00
# Visual Studio Version 17
VisualStudioVersion = 17.8.34330.188
MinimumVisualStudioVersion = 10.0.40219.1
Project("{FAE04EC0-301F-11D3-BF4B-00C04F79EFBC}") = "Lab5_CSS", "Lab5_CSS.csproj", "{1A24BC21-19F4-46AC-BE1F-680DA4C5B434}"
EndProject
Global
	GlobalSection(SolutionConfigurationPlatforms) = preSolution
		Debug|Any CPU = Debug|Any CPU
		Release|Any CPU = Release|Any CPU
	EndGlobalSection
	GlobalSection(ProjectConfigurationPlatforms) = postSolution
		{1A24BC21-19F4-46AC-BE1F-680DA4C5B434}.Debug|Any CPU.ActiveCfg = Debug|Any CPU
		{1A24BC21-19F4-46AC-BE1F-680DA4C5B434}.Debug|Any CPU.Build.0 = Debug|Any CPU
		{1A24BC21-19F4-46AC-BE1F-680DA4C5B434}.Release|Any CPU.ActiveCfg = Release|Any CPU
		{1A24BC21-19F4-46AC-BE1F-680DA4C5B434}.Release|Any CPU.Build.0 = Release|Any CPU
	EndGlobalSection
	GlobalSection(SolutionProperties) = preSolution
		HideSolutionNode = FALSE
	EndGlobalSection
	GlobalSection(ExtensibilityGlobals) = postSolution
		SolutionGuid = {4757F767-E5E4-4A8D-A2FE-AEA9A0FA745B}
	EndGlobalSection
EndGlobal
